
Microsoft Visual Studio Solution File, Format Version 12.00
# Visual Studio Version 17
VisualStudioVersion = 17.11.35312.102
MinimumVisualStudioVersion = 10.0.40219.1
Project("{FAE04EC0-301F-11D3-BF4B-00C04F79EFBC}") = "MaasHesabi", "MaasHesabi\MaasHesabi.csproj", "{32DA6F0C-7BD8-4AD3-9823-D96FBE67B754}"
EndProject
Global
	GlobalSection(SolutionConfigurationPlatforms) = preSolution
		Debug|Any CPU = Debug|Any CPU
		Release|Any CPU = Release|Any CPU
	EndGlobalSection
	GlobalSection(ProjectConfigurationPlatforms) = postSolution
		{32DA6F0C-7BD8-4AD3-9823-D96FBE67B754}.Debug|Any CPU.ActiveCfg = Debug|Any CPU
		{32DA6F0C-7BD8-4AD3-9823-D96FBE67B754}.Debug|Any CPU.Build.0 = Debug|Any CPU
		{32DA6F0C-7BD8-4AD3-9823-D96FBE67B754}.Release|Any CPU.ActiveCfg = Release|Any CPU
		{32DA6F0C-7BD8-4AD3-9823-D96FBE67B754}.Release|Any CPU.Build.0 = Release|Any CPU
	EndGlobalSection
	GlobalSection(SolutionProperties) = preSolution
		HideSolutionNode = FALSE
	EndGlobalSection
	GlobalSection(ExtensibilityGlobals) = postSolution
		SolutionGuid = {D7E17C95-6AE8-4E66-BF87-9EE8DE8D881A}
	EndGlobalSection
EndGlobal
